
Microsoft Visual Studio Solution File, Format Version 12.00
# Visual Studio 15
VisualStudioVersion = 15.0.28307.572
MinimumVisualStudioVersion = 10.0.40219.1
Project("{FAE04EC0-301F-11D3-BF4B-00C04F79EFBC}") = "mappingtester", "mappingtester\mappingtester.csproj", "{4FC1DD12-6DFA-49B6-9CD8-242F9098EF5C}"
EndProject
Global
	GlobalSection(SolutionConfigurationPlatforms) = preSolution
		Debug|Any CPU = Debug|Any CPU
		Debug|x64 = Debug|x64
		Release|Any CPU = Release|Any CPU
		Release|x64 = Release|x64
	EndGlobalSection
	GlobalSection(ProjectConfigurationPlatforms) = postSolution
		{4FC1DD12-6DFA-49B6-9CD8-242F9098EF5C}.Debug|Any CPU.ActiveCfg = Debug|Any CPU
		{4FC1DD12-6DFA-49B6-9CD8-242F9098EF5C}.Debug|Any CPU.Build.0 = Debug|Any CPU
		{4FC1DD12-6DFA-49B6-9CD8-242F9098EF5C}.Debug|x64.ActiveCfg = Debug|x64
		{4FC1DD12-6DFA-49B6-9CD8-242F9098EF5C}.Debug|x64.Build.0 = Debug|x64
		{4FC1DD12-6DFA-49B6-9CD8-242F9098EF5C}.Release|Any CPU.ActiveCfg = Release|Any CPU
		{4FC1DD12-6DFA-49B6-9CD8-242F9098EF5C}.Release|Any CPU.Build.0 = Release|Any CPU
		{4FC1DD12-6DFA-49B6-9CD8-242F9098EF5C}.Release|x64.ActiveCfg = Release|x64
		{4FC1DD12-6DFA-49B6-9CD8-242F9098EF5C}.Release|x64.Build.0 = Release|x64
	EndGlobalSection
	GlobalSection(SolutionProperties) = preSolution
		HideSolutionNode = FALSE
	EndGlobalSection
	GlobalSection(ExtensibilityGlobals) = postSolution
		SolutionGuid = {263E3BD1-7C02-496B-839B-35F83077FC32}
	EndGlobalSection
EndGlobal
